{
  "lockfileVersion": 1,
  "configVersion": 1,
  "workspaces": {
    "": {
      "name": "zenui-copilot-bridge",
      "dependencies": {
        "@github/copilot-sdk": "^0.2.1",
      },
      "devDependencies": {
        "@types/node": "^20.0.0",
        "typescript": "^5.0.0",
      },
    },
  },
  "packages": {
    "@github/copilot": ["@github/copilot@1.0.24", "", { "optionalDependencies": { "@github/copilot-darwin-arm64": "1.0.24", "@github/copilot-darwin-x64": "1.0.24", "@github/copilot-linux-arm64": "1.0.24", "@github/copilot-linux-x64": "1.0.24", "@github/copilot-win32-arm64": "1.0.24", "@github/copilot-win32-x64": "1.0.24" }, "bin": { "copilot": "npm-loader.js" } }, "sha512-/nZ2GwhaGq0HeI3W+6LE0JGw25/bipC6tYVa+oQ5tIvAafBazuNt10CXkeaor+u9oBWLZtPbdTyAzE2tjy9NpQ=="],

    "@github/copilot-darwin-arm64": ["@github/copilot-darwin-arm64@1.0.24", "", { "os": "darwin", "cpu": "arm64", "bin": { "copilot-darwin-arm64": "copilot" } }, "sha512-lejn6KV+09rZEICX3nRx9a58DQFQ2kK3NJ3EICfVLngUCWIUmwn1BLezjeTQc9YNasHltA1hulvfsWqX+VjlMw=="],

    "@github/copilot-darwin-x64": ["@github/copilot-darwin-x64@1.0.24", "", { "os": "darwin", "cpu": "x64", "bin": { "copilot-darwin-x64": "copilot" } }, "sha512-r2F3keTvr4Bunz3V+waRAvsHgqsVQGyIZFBebsNPWxBX1eh3IXgtBqxCR7vXTFyZonQ8VaiJH3YYEfAhyKsk9g=="],

    "@github/copilot-linux-arm64": ["@github/copilot-linux-arm64@1.0.24", "", { "os": "linux", "cpu": "arm64", "bin": { "copilot-linux-arm64": "copilot" } }, "sha512-B3oANXKKKLhnKYozXa/W+DxfCQAHJCs0QKR5rBwNrwJbf656twNgALSxWTSJk+1rEP6MrHCswUAcwjwZL7Q+FQ=="],

    "@github/copilot-linux-x64": ["@github/copilot-linux-x64@1.0.24", "", { "os": "linux", "cpu": "x64", "bin": { "copilot-linux-x64": "copilot" } }, "sha512-NGTldizY54B+4Sfhu/GWoEQNMwqqUNgMwbSgBshFv+Hqy1EwuvNWKVov1Y0Vzhp4qAHc6ZxBk/OPIW8Ato9FUg=="],

    "@github/copilot-sdk": ["@github/copilot-sdk@0.2.2", "", { "dependencies": { "@github/copilot": "^1.0.21", "vscode-jsonrpc": "^8.2.1", "zod": "^4.3.6" } }, "sha512-VZCqS08YlUM90bUKJ7VLeIxgTTEHtfXBo84T1IUMNvXRREX2csjPH6Z+CPw3S2468RcCLvzBXcc9LtJJTLIWFw=="],

    "@github/copilot-win32-arm64": ["@github/copilot-win32-arm64@1.0.24", "", { "os": "win32", "cpu": "arm64", "bin": { "copilot-win32-arm64": "copilot.exe" } }, "sha512-/pd/kgef7/HIIg1SQq4q8fext39pDSC44jHB10KkhfgG1WaDFhQbc/aSSMQfxeldkRbQh6VANp8WtGQdwtMCBA=="],

    "@github/copilot-win32-x64": ["@github/copilot-win32-x64@1.0.24", "", { "os": "win32", "cpu": "x64", "bin": { "copilot-win32-x64": "copilot.exe" } }, "sha512-RDvOiSvyEJwELqErwANJTrdRuMIHkwPE4QK7Le7WsmaSKxiuS4H1Pa8Yxnd2FWrMsCHEbase23GJlymbnGYLXQ=="],

    "@types/node": ["@types/node@20.19.39", "", { "dependencies": { "undici-types": "~6.21.0" } }, "sha512-orrrD74MBUyK8jOAD/r0+lfa1I2MO6I+vAkmAWzMYbCcgrN4lCrmK52gRFQq/JRxfYPfonkr4b0jcY7Olqdqbw=="],

    "typescript": ["typescript@5.9.3", "", { "bin": { "tsc": "bin/tsc", "tsserver": "bin/tsserver" } }, "sha512-jl1vZzPDinLr9eUt3J/t7V6FgNEw9QjvBPdysz9KfQDD41fQrC2Y4vKQdiaUpFT4bXlb1RHhLpp8wtm6M5TgSw=="],

    "undici-types": ["undici-types@6.21.0", "", {}, "sha512-iwDZqg0QAGrg9Rav5H4n0M64c3mkR59cJ6wQp+7C4nI0gsmExaedaYLNO44eT4AtBBwjbTiGPMlt2Md0T9H9JQ=="],

    "vscode-jsonrpc": ["vscode-jsonrpc@8.2.1", "", {}, "sha512-kdjOSJ2lLIn7r1rtrMbbNCHjyMPfRnowdKjBQ+mGq6NAW5QY2bEZC/khaC5OR8svbbjvLEaIXkOq45e2X9BIbQ=="],

    "zod": ["zod@4.3.6", "", {}, "sha512-rftlrkhHZOcjDwkGlnUtZZkvaPHCsDATp4pGpuOOMDaTdDDXF91wuVDJoWoPsKX/3YPQ5fHuF3STjcYyKr+Qhg=="],
  }
}
